
Microsoft Visual Studio Solution File, Format Version 12.00
# Visual Studio 14
VisualStudioVersion = 14.0.25420.1
MinimumVisualStudioVersion = 10.0.40219.1
Project("{FAE04EC0-301F-11D3-BF4B-00C04F79EFBC}") = "CarSystem", "CarSystem\CarSystem.csproj", "{0735A65E-B0AF-4566-A517-3F1C1BCB66ED}"
EndProject
Project("{FAE04EC0-301F-11D3-BF4B-00C04F79EFBC}") = "Car_IO", "Car_IO\Car_IO.csproj", "{3F9E09F0-FE81-4FF7-B9FB-919FEF71FC58}"
EndProject
Project("{FAE04EC0-301F-11D3-BF4B-00C04F79EFBC}") = "Car_Fun", "Car_Fun\Car_Fun.csproj", "{89034AE7-D7DC-4905-92CA-CA024D860088}"
EndProject
Project("{FAE04EC0-301F-11D3-BF4B-00C04F79EFBC}") = "AutoUpCarSys", "..\AutoUpCarSys\AutoUpCarSys\AutoUpCarSys.csproj", "{74A1A869-9910-4945-8C26-1FEA0FE5AEC6}"
EndProject
Project("{FAE04EC0-301F-11D3-BF4B-00C04F79EFBC}") = "CarSysUpLoad", "..\CarSysUpLoad\CarSysUpLoad\CarSysUpLoad.csproj", "{9F56706C-C626-449B-87B9-13D98DDCD7BB}"
EndProject
Global
	GlobalSection(SolutionConfigurationPlatforms) = preSolution
		Debug|Any CPU = Debug|Any CPU
		Release|Any CPU = Release|Any CPU
	EndGlobalSection
	GlobalSection(ProjectConfigurationPlatforms) = postSolution
		{0735A65E-B0AF-4566-A517-3F1C1BCB66ED}.Debug|Any CPU.ActiveCfg = Release|Any CPU
		{0735A65E-B0AF-4566-A517-3F1C1BCB66ED}.Debug|Any CPU.Build.0 = Release|Any CPU
		{0735A65E-B0AF-4566-A517-3F1C1BCB66ED}.Release|Any CPU.ActiveCfg = Release|Any CPU
		{0735A65E-B0AF-4566-A517-3F1C1BCB66ED}.Release|Any CPU.Build.0 = Release|Any CPU
		{3F9E09F0-FE81-4FF7-B9FB-919FEF71FC58}.Debug|Any CPU.ActiveCfg = Release|Any CPU
		{3F9E09F0-FE81-4FF7-B9FB-919FEF71FC58}.Release|Any CPU.ActiveCfg = Release|Any CPU
		{3F9E09F0-FE81-4FF7-B9FB-919FEF71FC58}.Release|Any CPU.Build.0 = Release|Any CPU
		{89034AE7-D7DC-4905-92CA-CA024D860088}.Debug|Any CPU.ActiveCfg = Release|Any CPU
		{89034AE7-D7DC-4905-92CA-CA024D860088}.Release|Any CPU.ActiveCfg = Release|Any CPU
		{89034AE7-D7DC-4905-92CA-CA024D860088}.Release|Any CPU.Build.0 = Release|Any CPU
		{74A1A869-9910-4945-8C26-1FEA0FE5AEC6}.Debug|Any CPU.ActiveCfg = Debug|Any CPU
		{74A1A869-9910-4945-8C26-1FEA0FE5AEC6}.Debug|Any CPU.Build.0 = Debug|Any CPU
		{74A1A869-9910-4945-8C26-1FEA0FE5AEC6}.Release|Any CPU.ActiveCfg = Release|Any CPU
		{74A1A869-9910-4945-8C26-1FEA0FE5AEC6}.Release|Any CPU.Build.0 = Release|Any CPU
		{9F56706C-C626-449B-87B9-13D98DDCD7BB}.Debug|Any CPU.ActiveCfg = Debug|Any CPU
		{9F56706C-C626-449B-87B9-13D98DDCD7BB}.Debug|Any CPU.Build.0 = Debug|Any CPU
		{9F56706C-C626-449B-87B9-13D98DDCD7BB}.Release|Any CPU.ActiveCfg = Release|Any CPU
		{9F56706C-C626-449B-87B9-13D98DDCD7BB}.Release|Any CPU.Build.0 = Release|Any CPU
	EndGlobalSection
	GlobalSection(SolutionProperties) = preSolution
		HideSolutionNode = FALSE
	EndGlobalSection
EndGlobal
